
Microsoft Visual Studio Solution File, Format Version 12.00
# Visual Studio 2012
Project("{FAE04EC0-301F-11D3-BF4B-00C04F79EFBC}") = "CRM2", "CRM2\CRM2.csproj", "{BD83B0A5-A411-4779-A111-59F79F08DCC9}"
EndProject
Global
	GlobalSection(SolutionConfigurationPlatforms) = preSolution
		Debug|Any CPU = Debug|Any CPU
		Release|Any CPU = Release|Any CPU
	EndGlobalSection
	GlobalSection(ProjectConfigurationPlatforms) = postSolution
		{BD83B0A5-A411-4779-A111-59F79F08DCC9}.Debug|Any CPU.ActiveCfg = Debug|Any CPU
		{BD83B0A5-A411-4779-A111-59F79F08DCC9}.Debug|Any CPU.Build.0 = Debug|Any CPU
		{BD83B0A5-A411-4779-A111-59F79F08DCC9}.Release|Any CPU.ActiveCfg = Release|Any CPU
		{BD83B0A5-A411-4779-A111-59F79F08DCC9}.Release|Any CPU.Build.0 = Release|Any CPU
	EndGlobalSection
EndGlobal
